{
    "_meta": {
        "hash": {
            "sha256": "9c085bb680704f77e6957b0044897e42e4d1a2e2b0132c531bbdc8f639ba944c"
        },
        "pipfile-spec": 6,
        "requires": {
            "python_version": "3.7"
        },
        "sources": [
            {
                "name": "pypi",
                "url": "https://pypi.org/simple",
                "verify_ssl": true
            }
        ]
    },
    "default": {
        "pylzma": {
            "editable": true,
            "path": "."
        }
    },
    "develop": {}
}
